
Microsoft Visual Studio Solution File, Format Version 12.00
# Visual Studio Version 17
VisualStudioVersion = 17.11.35312.102
MinimumVisualStudioVersion = 10.0.40219.1
Project("{FAE04EC0-301F-11D3-BF4B-00C04F79EFBC}") = "Agenda Contactos", "Agenda Contactos\Agenda Contactos.csproj", "{B1D4D0AF-14C1-4202-A6C3-95AACC0C55D5}"
EndProject
Global
	GlobalSection(SolutionConfigurationPlatforms) = preSolution
		Debug|Any CPU = Debug|Any CPU
		Release|Any CPU = Release|Any CPU
	EndGlobalSection
	GlobalSection(ProjectConfigurationPlatforms) = postSolution
		{B1D4D0AF-14C1-4202-A6C3-95AACC0C55D5}.Debug|Any CPU.ActiveCfg = Debug|Any CPU
		{B1D4D0AF-14C1-4202-A6C3-95AACC0C55D5}.Debug|Any CPU.Build.0 = Debug|Any CPU
		{B1D4D0AF-14C1-4202-A6C3-95AACC0C55D5}.Release|Any CPU.ActiveCfg = Release|Any CPU
		{B1D4D0AF-14C1-4202-A6C3-95AACC0C55D5}.Release|Any CPU.Build.0 = Release|Any CPU
	EndGlobalSection
	GlobalSection(SolutionProperties) = preSolution
		HideSolutionNode = FALSE
	EndGlobalSection
	GlobalSection(ExtensibilityGlobals) = postSolution
		SolutionGuid = {DDC95597-F8C6-4191-922A-215D1A496BFB}
	EndGlobalSection
EndGlobal
